
Microsoft Visual Studio Solution File, Format Version 11.00
# Visual Studio 2010
Project("{FAE04EC0-301F-11D3-BF4B-00C04F79EFBC}") = "bunsuu_daisuki", "Assembly-CSharp.csproj", "{1410F2CA-FDBC-61E4-A686-157134A243E9}"
EndProject
Project("{FAE04EC0-301F-11D3-BF4B-00C04F79EFBC}") = "bunsuu_daisuki", "Assembly-CSharp-Editor.csproj", "{5AD32372-865F-1291-434B-222BC7A4C2DF}"
EndProject
Global
	GlobalSection(SolutionConfigurationPlatforms) = preSolution
		Debug|Any CPU = Debug|Any CPU
		Release|Any CPU = Release|Any CPU
	EndGlobalSection
	GlobalSection(ProjectConfigurationPlatforms) = postSolution
		{1410F2CA-FDBC-61E4-A686-157134A243E9}.Debug|Any CPU.ActiveCfg = Debug|Any CPU
		{1410F2CA-FDBC-61E4-A686-157134A243E9}.Debug|Any CPU.Build.0 = Debug|Any CPU
		{1410F2CA-FDBC-61E4-A686-157134A243E9}.Release|Any CPU.ActiveCfg = Release|Any CPU
		{1410F2CA-FDBC-61E4-A686-157134A243E9}.Release|Any CPU.Build.0 = Release|Any CPU
		{5AD32372-865F-1291-434B-222BC7A4C2DF}.Debug|Any CPU.ActiveCfg = Debug|Any CPU
		{5AD32372-865F-1291-434B-222BC7A4C2DF}.Debug|Any CPU.Build.0 = Debug|Any CPU
		{5AD32372-865F-1291-434B-222BC7A4C2DF}.Release|Any CPU.ActiveCfg = Release|Any CPU
		{5AD32372-865F-1291-434B-222BC7A4C2DF}.Release|Any CPU.Build.0 = Release|Any CPU
	EndGlobalSection
	GlobalSection(SolutionProperties) = preSolution
		HideSolutionNode = FALSE
	EndGlobalSection
	GlobalSection(MonoDevelopProperties) = preSolution
		StartupItem = Assembly-CSharp.csproj
	EndGlobalSection
EndGlobal
